
Microsoft Visual Studio Solution File, Format Version 12.00
# Visual Studio Version 17
VisualStudioVersion = 17.9.34701.34
MinimumVisualStudioVersion = 10.0.40219.1
Project("{9A19103F-16F7-4668-BE54-9A1E7A4F7556}") = "OOP1", "OOP1\OOP1.csproj", "{2219F5DA-1F33-488B-BB12-3DEA79BA2DE0}"
EndProject
Project("{FAE04EC0-301F-11D3-BF4B-00C04F79EFBC}") = "Koleksiyonlar", "Koleksiyonlar\Koleksiyonlar.csproj", "{D3A9EA59-59D7-4596-9AFD-8F7503B15DAA}"
EndProject
Project("{FAE04EC0-301F-11D3-BF4B-00C04F79EFBC}") = "GenericIntro", "GenericIntro\GenericIntro.csproj", "{8C934B4C-88B0-4DBD-8880-D5E2597EAB67}"
EndProject
Global
	GlobalSection(SolutionConfigurationPlatforms) = preSolution
		Debug|Any CPU = Debug|Any CPU
		Release|Any CPU = Release|Any CPU
	EndGlobalSection
	GlobalSection(ProjectConfigurationPlatforms) = postSolution
		{2219F5DA-1F33-488B-BB12-3DEA79BA2DE0}.Debug|Any CPU.ActiveCfg = Debug|Any CPU
		{2219F5DA-1F33-488B-BB12-3DEA79BA2DE0}.Debug|Any CPU.Build.0 = Debug|Any CPU
		{2219F5DA-1F33-488B-BB12-3DEA79BA2DE0}.Release|Any CPU.ActiveCfg = Release|Any CPU
		{2219F5DA-1F33-488B-BB12-3DEA79BA2DE0}.Release|Any CPU.Build.0 = Release|Any CPU
		{D3A9EA59-59D7-4596-9AFD-8F7503B15DAA}.Debug|Any CPU.ActiveCfg = Debug|Any CPU
		{D3A9EA59-59D7-4596-9AFD-8F7503B15DAA}.Debug|Any CPU.Build.0 = Debug|Any CPU
		{D3A9EA59-59D7-4596-9AFD-8F7503B15DAA}.Release|Any CPU.ActiveCfg = Release|Any CPU
		{D3A9EA59-59D7-4596-9AFD-8F7503B15DAA}.Release|Any CPU.Build.0 = Release|Any CPU
		{8C934B4C-88B0-4DBD-8880-D5E2597EAB67}.Debug|Any CPU.ActiveCfg = Debug|Any CPU
		{8C934B4C-88B0-4DBD-8880-D5E2597EAB67}.Debug|Any CPU.Build.0 = Debug|Any CPU
		{8C934B4C-88B0-4DBD-8880-D5E2597EAB67}.Release|Any CPU.ActiveCfg = Release|Any CPU
		{8C934B4C-88B0-4DBD-8880-D5E2597EAB67}.Release|Any CPU.Build.0 = Release|Any CPU
	EndGlobalSection
	GlobalSection(SolutionProperties) = preSolution
		HideSolutionNode = FALSE
	EndGlobalSection
	GlobalSection(ExtensibilityGlobals) = postSolution
		SolutionGuid = {464427F3-E28E-4B85-BCF6-E95C809203BD}
	EndGlobalSection
EndGlobal
